
Microsoft Visual Studio Solution File, Format Version 12.00
# Visual Studio Version 17
VisualStudioVersion = 17.7.34031.279
MinimumVisualStudioVersion = 10.0.40219.1
Project("{FAE04EC0-301F-11D3-BF4B-00C04F79EFBC}") = "Ankieta", "Ankieta\Ankieta.csproj", "{02ACB017-4F73-4426-9B4A-56EA537312A8}"
EndProject
Global
	GlobalSection(SolutionConfigurationPlatforms) = preSolution
		Debug|Any CPU = Debug|Any CPU
		Release|Any CPU = Release|Any CPU
	EndGlobalSection
	GlobalSection(ProjectConfigurationPlatforms) = postSolution
		{02ACB017-4F73-4426-9B4A-56EA537312A8}.Debug|Any CPU.ActiveCfg = Debug|Any CPU
		{02ACB017-4F73-4426-9B4A-56EA537312A8}.Debug|Any CPU.Build.0 = Debug|Any CPU
		{02ACB017-4F73-4426-9B4A-56EA537312A8}.Release|Any CPU.ActiveCfg = Release|Any CPU
		{02ACB017-4F73-4426-9B4A-56EA537312A8}.Release|Any CPU.Build.0 = Release|Any CPU
	EndGlobalSection
	GlobalSection(SolutionProperties) = preSolution
		HideSolutionNode = FALSE
	EndGlobalSection
	GlobalSection(ExtensibilityGlobals) = postSolution
		SolutionGuid = {F5B5583D-1456-4C3C-8BE5-13C899CC4F21}
	EndGlobalSection
EndGlobal
